# THIS IS AN AUTOGENERATED FILE. DO NOT EDIT THIS FILE DIRECTLY.
# yarn lockfile v1


"@gar/promise-retry@^1.0.0":
  version "1.0.3"
  resolved "https://registry.yarnpkg.com/@gar/promise-retry/-/promise-retry-1.0.3.tgz#65e726428e794bc4453948e0a41e6de4215ce8b0"
  integrity sha512-GmzA9ckNokPypTg10pgpeHNQe7ph+iIKKmhKu3Ob9ANkswreCx7R3cKmY781K8QK3AqVL3xVh9A42JvIAbkkSA==

"@inquirer/ansi@^2.0.7":
  version "2.0.7"
  resolved "https://registry.yarnpkg.com/@inquirer/ansi/-/ansi-2.0.7.tgz#86de22810cac3ed406ec10f8d66016815b8226b4"
  integrity sha512-3eTuUO1vH2cZm2ZKHeQxnOqlTi9EfZDGgIe3BL3I4u+rJHocr9Fz86M4fjYABPvFnQG/gGK551HqDiIcETwU6Q==

"@inquirer/checkbox@^5.2.1":
  version "5.2.1"
  resolved "https://registry.yarnpkg.com/@inquirer/checkbox/-/checkbox-5.2.1.tgz#7f148b3153a776cee202015b10f9a985068d188d"
  integrity sha512-b6xmA/VlTe0ZgDQHDui+Nav470u7u49nRd8/iuhOcQPO9Ch7lGuogydhi2VOmNlZ+zXcM8IcPuNSwQcdJaF/kw==
  dependencies:
    "@inquirer/ansi" "^2.0.7"
    "@inquirer/core" "^11.2.1"
    "@inquirer/figures" "^2.0.7"
    "@inquirer/type" "^4.0.7"

"@inquirer/confirm@^6.1.1":
  version "6.1.1"
  resolved "https://registry.yarnpkg.com/@inquirer/confirm/-/confirm-6.1.1.tgz#9c6a7d79c6132b2af57fdb75747f056204e55356"
  integrity sha512-eb8DBZcz/2qHWQda4rk2JiQk5h9QV/cVHi1yjt0f69WFZMRFn0sJTye3EAP8icut8UDMjQPsaH5KbcOogefrFQ==
  dependencies:
    "@inquirer/core" "^11.2.1"
    "@inquirer/type" "^4.0.7"

"@inquirer/core@^11.2.1":
  version "11.2.1"
  resolved "https://registry.yarnpkg.com/@inquirer/core/-/core-11.2.1.tgz#54ccd8f7d47852140b6066cbd77d63b2c2b168fd"
  integrity sha512-Qd6GJT1yVyrZZCfN8W2qKF5ApmqryXRhRKCuip8h01x2w/esJQ2XIYc6f9abMIHgKQdBfFTSOdbHRLAhuM09UA==
  dependencies:
    "@inquirer/ansi" "^2.0.7"
    "@inquirer/figures" "^2.0.7"
    "@inquirer/type" "^4.0.7"
    cli-width "^4.1.0"
    fast-wrap-ansi "^0.2.0"
    mute-stream "^3.0.0"
    signal-exit "^4.1.0"

"@inquirer/editor@^5.2.2":
  version "5.2.2"
  resolved "https://registry.yarnpkg.com/@inquirer/editor/-/editor-5.2.2.tgz#7c73e2fc0e7bd4c40cfd38a180ae5bbd24d32b90"
  integrity sha512-ZRVd/oD+sYsUd5zVm0NflqEzlqfYCyHNsqkHl2oWXEUHs12tCbcSFi+wVFEvD8+LGRaMUsVrE7qeo6lSG/S1Vg==
  dependencies:
    "@inquirer/core" "^11.2.1"
    "@inquirer/external-editor" "^3.0.3"
    "@inquirer/type" "^4.0.7"

"@inquirer/expand@^5.1.1":
  version "5.1.1"
  resolved "https://registry.yarnpkg.com/@inquirer/expand/-/expand-5.1.1.tgz#e2afeac247d97dd64ee18aa81e902bdd1fe0ea70"
  integrity sha512-YmQpenjbFSHAK3sOd44puHh3V1KXXr+JiNpUztoSQ4drLh2rTVzTap/YtlAVu/5xavifIlBfNEzJ/neZJ1a/1g==
  dependencies:
    "@inquirer/core" "^11.2.1"
    "@inquirer/type" "^4.0.7"

"@inquirer/external-editor@^3.0.3":
  version "3.0.3"
  resolved "https://registry.yarnpkg.com/@inquirer/external-editor/-/external-editor-3.0.3.tgz#d79e772542cf8d340642e9dabd3a1ea7f5a30104"
  integrity sha512-6thf5I8q7lZwzGLAxPaaGEREEkZ3nyePPDQ1oyobblxmEE8mqTLguScP7pDjUTAibiyb4hfXl+qjUEJ+di/aNA==
  dependencies:
    chardet "^2.1.1"
    iconv-lite "^0.7.2"

"@inquirer/figures@^2.0.7":
  version "2.0.7"
  resolved "https://registry.yarnpkg.com/@inquirer/figures/-/figures-2.0.7.tgz#f5cc5843732a81304d06a0db4b53cc7dbda15541"
  integrity sha512-aJ8TBPOGB6f/2qziPfElISTCEd5XOYTFckA2SGjhNmiKzfK/u4ot3v0DUzGVdUnKjN10EqnnEPck36BkyfLnJw==

"@inquirer/input@^5.1.2":
  version "5.1.2"
  resolved "https://registry.yarnpkg.com/@inquirer/input/-/input-5.1.2.tgz#9305cb170dfc3a5323e5eac885a945e7cddd5c4b"
  integrity sha512-9K/DDBSQpOyZSkt6sOVP9Vo0TR7atX2kuILsUu0x3wVcVbe97lJwIJKMLdMw25tDYuXl/qp6erT0Xs1rfmcfZg==
  dependencies:
    "@inquirer/core" "^11.2.1"
    "@inquirer/type" "^4.0.7"

"@inquirer/number@^4.1.1":
  version "4.1.1"
  resolved "https://registry.yarnpkg.com/@inquirer/number/-/number-4.1.1.tgz#b133668d8e0e099b4133abb915221501e0ff75d7"
  integrity sha512-XF4IXAbPnGPgw0wsbC/i2tPcyfdZgDpUlhsqU0SfT4IRIGWha6Xm9VRgN5yYxJq+jnyXlfXI/nQ3ulfk0iEICA==
  dependencies:
    "@inquirer/core" "^11.2.1"
    "@inquirer/type" "^4.0.7"

"@inquirer/password@^5.1.1":
  version "5.1.1"
  resolved "https://registry.yarnpkg.com/@inquirer/password/-/password-5.1.1.tgz#f21efb614da9c905095262f51781fd2a721fceac"
  integrity sha512-3XBfF7DAsp5qeDsvN5Rd1HmbNokVvEQoUM0QLrRcybC9nX96w3Pbmu7qUsb3IT3J3jBvs2+mTXaKHOUsgHMLzg==
  dependencies:
    "@inquirer/ansi" "^2.0.7"
    "@inquirer/core" "^11.2.1"
    "@inquirer/type" "^4.0.7"

"@inquirer/prompts@^8.5.2":
  version "8.5.2"
  resolved "https://registry.yarnpkg.com/@inquirer/prompts/-/prompts-8.5.2.tgz#09c0132ada2bbba94c91d341115e1e41cb3f1525"
  integrity sha512-IYR/3C/paEVVQYQvdDlFZVjRCJVYHHON0XXMH91KO9GSxs0TdKYWlUdvfQl2EfAHDxUaN3IBffkE/BDTh5nJ6g==
  dependencies:
    "@inquirer/checkbox" "^5.2.1"
    "@inquirer/confirm" "^6.1.1"
    "@inquirer/editor" "^5.2.2"
    "@inquirer/expand" "^5.1.1"
    "@inquirer/input" "^5.1.2"
    "@inquirer/number" "^4.1.1"
    "@inquirer/password" "^5.1.1"
    "@inquirer/rawlist" "^5.3.1"
    "@inquirer/search" "^4.2.1"
    "@inquirer/select" "^5.2.1"

"@inquirer/rawlist@^5.3.1":
  version "5.3.1"
  resolved "https://registry.yarnpkg.com/@inquirer/rawlist/-/rawlist-5.3.1.tgz#66f6b8e6aa82d47399c433b8262128e7c1a4f9ce"
  integrity sha512-QqdTqQddL3qPX/PPrjobpsO25NZ4dWXgTLenrR445L2ptLEYE6Z+PD5c5CNDJNx4ugRgELAIpSIJxZaO2jJ2Og==
  dependencies:
    "@inquirer/core" "^11.2.1"
    "@inquirer/type" "^4.0.7"

"@inquirer/search@^4.2.1":
  version "4.2.1"
  resolved "https://registry.yarnpkg.com/@inquirer/search/-/search-4.2.1.tgz#c8f4b78ab3f866fdf0503fac0cd08c4a6661c11e"
  integrity sha512-xJj8QWKRSrfKoBIITLZK61dD3zwo0Rz11fgDImku30/Oe81zMdIdGgrLY2h6RkJ+KZ/GhNYIRMKnH/62qBTA5g==
  dependencies:
    "@inquirer/core" "^11.2.1"
    "@inquirer/figures" "^2.0.7"
    "@inquirer/type" "^4.0.7"

"@inquirer/select@^5.2.1":
  version "5.2.1"
  resolved "https://registry.yarnpkg.com/@inquirer/select/-/select-5.2.1.tgz#3a05e76e58d9e1bb095e912c3e7093aa04cd4604"
  integrity sha512-FlDndEUww8m7BfukO2nJa25vhD+H5jxxCv4oGioKqzyWz3nPHhhw4LKdYRSlXuAx7DsdWia7iyaBPKKS95Evfw==
  dependencies:
    "@inquirer/ansi" "^2.0.7"
    "@inquirer/core" "^11.2.1"
    "@inquirer/figures" "^2.0.7"
    "@inquirer/type" "^4.0.7"

"@inquirer/type@^4.0.7":
  version "4.0.7"
  resolved "https://registry.yarnpkg.com/@inquirer/type/-/type-4.0.7.tgz#9c6f0d857fe6ad549a3a932343b64e76acb34b10"
  integrity sha512-t28inv14nMQ1PhKpsJPY+kEs/c00qzeCOS2gTNRyTjG5d6qsVA2fItxW4hkvGZ5lvanGLdtCzVIx5dwdRpN1+g==

"@npmcli/git@^8.0.0":
  version "8.0.0"
  resolved "https://registry.yarnpkg.com/@npmcli/git/-/git-8.0.0.tgz#1afc0a23ab41b9bf3612e9323471ff249617fa4e"
  integrity sha512-5P1oo+TbxZNAiiMBtpzHA8QyEGh5D69LYLexNWJEDXLdxnAZvT/SLitGJBXxjtCE4ftAcFOS/Tu2185MeIjooQ==
  dependencies:
    "@gar/promise-retry" "^1.0.0"
    "@npmcli/promise-spawn" "^10.0.0"
    ini "^7.0.0"
    lru-cache "^11.2.1"
    npm-pick-manifest "^12.0.0"
    proc-log "^7.0.0"
    semver "^7.3.5"
    which "^7.0.0"

"@npmcli/package-json@^8.0.0":
  version "8.0.0"
  resolved "https://registry.yarnpkg.com/@npmcli/package-json/-/package-json-8.0.0.tgz#1ee6c73f465e1d3003dea199162f00f4850cd41e"
  integrity sha512-agNZzYQ18MR0wKp3Emg1q5QbcC8CXigYp3Z3CvB0Sax9Ge9aF4cVyyuSG+5SbACSrZUKTvMjVULWiE1RJA38wg==
  dependencies:
    "@npmcli/git" "^8.0.0"
    glob "^13.0.0"
    hosted-git-info "^10.1.1"
    json-parse-even-better-errors "^6.0.0"
    proc-log "^7.0.0"
    semver "^7.5.3"
    spdx-expression-parse "^4.0.0"

"@npmcli/promise-spawn@^10.0.0":
  version "10.0.0"
  resolved "https://registry.yarnpkg.com/@npmcli/promise-spawn/-/promise-spawn-10.0.0.tgz#7a0733007618441203cc640514b4bfb4b3b22e27"
  integrity sha512-llZkSzeTsimFx64U+ThT2xQM2uEce8GIQUYvxgbB6ZFvBhV2LP9LeJJb3HT+syG0uCFLsTCHjV9SfC0WNU1vtA==
  dependencies:
    which "^7.0.0"

balanced-match@^4.0.2:
  version "4.0.4"
  resolved "https://registry.yarnpkg.com/balanced-match/-/balanced-match-4.0.4.tgz#bfb10662feed8196a2c62e7c68e17720c274179a"
  integrity sha512-BLrgEcRTwX2o6gGxGOCNyMvGSp35YofuYzw9h1IMTRmKqttAZZVU67bdb9Pr2vUHA8+j3i2tJfjO6C6+4myGTA==

brace-expansion@^5.0.8:
  version "5.0.8"
  resolved "https://registry.yarnpkg.com/brace-expansion/-/brace-expansion-5.0.8.tgz#135ad0d8d808eb18eb5e0ec9a21f3a0b92ef18cf"
  integrity sha512-JZyDyq3D4AUifKTPOB7DELf6XsB3WdPuNxCtob1vFXPsSXhdAiHBWJ/tJ8HAc9aH84BK+5JFZLNkJKx3G9kzQg==
  dependencies:
    balanced-match "^4.0.2"

chardet@^2.1.1:
  version "2.2.0"
  resolved "https://registry.yarnpkg.com/chardet/-/chardet-2.2.0.tgz#005d664f2cbd4961888d2e2c32c5a69e59d8eec4"
  integrity sha512-rddelWYNPRrXq6PtNEN2S3f6t9ILzvqaN5pVgi4kqt9jHQaXIial9PznB5iSPVlQSLNaaH22ItWz3EJtQ10+OA==

cli-width@^4.1.0:
  version "4.1.0"
  resolved "https://registry.yarnpkg.com/cli-width/-/cli-width-4.1.0.tgz#42daac41d3c254ef38ad8ac037672130173691c5"
  integrity sha512-ouuZd4/dm2Sw5Gmqy6bGyNNNe1qt9RpmxveLSO7KcgsTnU7RXfsw+/bukWGo1abgBiMAic068rclZsO4IWmmxQ==

fast-string-truncated-width@^3.0.2:
  version "3.0.3"
  resolved "https://registry.yarnpkg.com/fast-string-truncated-width/-/fast-string-truncated-width-3.0.3.tgz#23afe0da67d752ca0727538f1e6967759728ce49"
  integrity sha512-0jjjIEL6+0jag3l2XWWizO64/aZVtpiGE3t0Zgqxv0DPuxiMjvB3M24fCyhZUO4KomJQPj3LTSUnDP3GpdwC0g==

fast-string-width@^3.0.2:
  version "3.0.2"
  resolved "https://registry.yarnpkg.com/fast-string-width/-/fast-string-width-3.0.2.tgz#16dbabb491ce5585b5ecb675b65c165d71688eeb"
  integrity sha512-gX8LrtNEI5hq8DVUfRQMbr5lpaS4nMIWV+7XEbXk2b8kiQIizgnlr12B4dA3ZEx3308ze0O4Q1R+cHts8kyUJg==
  dependencies:
    fast-string-truncated-width "^3.0.2"

fast-wrap-ansi@^0.2.0:
  version "0.2.2"
  resolved "https://registry.yarnpkg.com/fast-wrap-ansi/-/fast-wrap-ansi-0.2.2.tgz#95e952a0145bce3f59ad56e179f84c48d4072935"
  integrity sha512-7F2Fl+TjRSenLqlU3UjSH0iyqopqoZIu7eZVpEirP2g1GtWa2G/ecEmBdgz31+Mxr+ELclgg6sokpSFIQiZ02Q==
  dependencies:
    fast-string-width "^3.0.2"

glob@^13.0.0:
  version "13.0.6"
  resolved "https://registry.yarnpkg.com/glob/-/glob-13.0.6.tgz#078666566a425147ccacfbd2e332deb66a2be71d"
  integrity sha512-Wjlyrolmm8uDpm/ogGyXZXb1Z+Ca2B8NbJwqBVg0axK9GbBeoS7yGV6vjXnYdGm6X53iehEuxxbyiKp8QmN4Vw==
  dependencies:
    minimatch "^10.2.2"
    minipass "^7.1.3"
    path-scurry "^2.0.2"

hosted-git-info@^10.1.0, hosted-git-info@^10.1.1:
  version "10.1.1"
  resolved "https://registry.yarnpkg.com/hosted-git-info/-/hosted-git-info-10.1.1.tgz#50d93ed3ab3b81002122814cd56d5595f550d32c"
  integrity sha512-DeOnSPAvOndYKfw075gt8yZzQ7S2hNztw34zBTfhIzLhmBTswIBg5/y+pqu/VD5cYWm5goAFTusDmUEmKZ0PEQ==
  dependencies:
    lru-cache "^11.1.0"

iconv-lite@^0.7.2:
  version "0.7.3"
  resolved "https://registry.yarnpkg.com/iconv-lite/-/iconv-lite-0.7.3.tgz#84ee12f963e7de50bc01a13e160a078b3b0f415f"
  integrity sha512-IKXpvIzjnC9XTAUbVBcMfGS0EPaIXtW6v+zr+RRp+hqULEpo0owZax6wyRwPOJbWbzjYspQwusTsfVr0ifh4uQ==
  dependencies:
    safer-buffer ">= 2.1.2 < 3.0.0"

ini@^7.0.0:
  version "7.0.0"
  resolved "https://registry.yarnpkg.com/ini/-/ini-7.0.0.tgz#d8b3ecbf9425a8581bd95921eb3be1a7948531d4"
  integrity sha512-ifK0CgjALofS5bkrcTy4RaQ9Vx2Knf/eLeIO+NaswQEpH1UblrtTSCIvN71qQDMq0PeQ/SSPojvEJp9vvvfr+w==

isexe@^4.0.0:
  version "4.0.0"
  resolved "https://registry.yarnpkg.com/isexe/-/isexe-4.0.0.tgz#48f6576af8e87a18feb796b7ed5e2e5903b43dca"
  integrity sha512-FFUtZMpoZ8RqHS3XeXEmHWLA4thH+ZxCv2lOiPIn1Xc7CxrqhWzNSDzD+/chS/zbYezmiwWLdQC09JdQKmthOw==

json-parse-even-better-errors@^6.0.0:
  version "6.0.0"
  resolved "https://registry.yarnpkg.com/json-parse-even-better-errors/-/json-parse-even-better-errors-6.0.0.tgz#9e5289a06286e65d5be15cb4dc178aecbf222196"
  integrity sha512-2/8adwnK1/+Fdjyts4r6wSpfANWw8zdNhU9U/Llk59c6O+DjSisPWPykwoL8gZmocP9Dy64S7oie2g+Mia123A==

lru-cache@^11.0.0, lru-cache@^11.1.0, lru-cache@^11.2.1:
  version "11.5.2"
  resolved "https://registry.yarnpkg.com/lru-cache/-/lru-cache-11.5.2.tgz#00e16665c90c620fba14a3c368732a976493f760"
  integrity sha512-4pfM1Ff0x50o0tQwb5ucw/RzNyD0/YJME6IVcStalZuMWxdt3sR3huStTtxz4PUmvZfRguvDejasvQ2kifR11g==

lru-cache@^6.0.0:
  version "6.0.0"
  resolved "https://registry.yarnpkg.com/lru-cache/-/lru-cache-6.0.0.tgz#6d6fe6570ebd96aaf90fcad1dafa3b2566db3a94"
  integrity sha512-Jo6dJ04CmSjuznwJSS3pUeWmd/H0ffTlkXXgwZi+eq1UCmqQwCh+eLsYOYCwY991i2Fah4h1BEMCx4qThGbsiA==
  dependencies:
    yallist "^4.0.0"

minimatch@^10.2.2:
  version "10.2.6"
  resolved "https://registry.yarnpkg.com/minimatch/-/minimatch-10.2.6.tgz#fd956bbe0b77241e9f15ac5dccb1c638060968ef"
  integrity sha512-vpLQEs+VLCr1nU0BXS07maYoFwlDAH0gngQuuttxIwutDFEMHq2blX+8vpgxDdK3J1PwjCJiep77OitTZ4Ll1A==
  dependencies:
    brace-expansion "^5.0.8"

minipass@^7.1.2, minipass@^7.1.3:
  version "7.1.3"
  resolved "https://registry.yarnpkg.com/minipass/-/minipass-7.1.3.tgz#79389b4eb1bb2d003a9bba87d492f2bd37bdc65b"
  integrity sha512-tEBHqDnIoM/1rXME1zgka9g6Q2lcoCkxHLuc7ODJ5BxbP5d4c2Z5cGgtXAku59200Cx7diuHTOYfSBD8n6mm8A==

mute-stream@^3.0.0:
  version "3.0.0"
  resolved "https://registry.yarnpkg.com/mute-stream/-/mute-stream-3.0.0.tgz#cd8014dd2acb72e1e91bb67c74f0019e620ba2d1"
  integrity sha512-dkEJPVvun4FryqBmZ5KhDo0K9iDXAwn08tMLDinNdRBNPcYEDiWYysLcc6k3mjTMlbP9KyylvRpd4wFtwrT9rw==

npm-install-checks@^9.0.0:
  version "9.0.0"
  resolved "https://registry.yarnpkg.com/npm-install-checks/-/npm-install-checks-9.0.0.tgz#097b6eddbaa7d018364b44d0577a59151fd5b669"
  integrity sha512-t05Izcgi7p15cpldqoiXYpjzlkTTvBw33sgjmL/JjcvtV0ydbm2O4iEXO8A6smqComu5FAQhUas86HTMQ6Z1Uw==
  dependencies:
    semver "^7.1.1"

npm-normalize-package-bin@^6.0.0:
  version "6.0.0"
  resolved "https://registry.yarnpkg.com/npm-normalize-package-bin/-/npm-normalize-package-bin-6.0.0.tgz#d8cc44d7a9eff2a2a210e9b2442edf3824f2d227"
  integrity sha512-tdt4aFn9QamlhdN3HV2D2ccpBwO5/fyjjbXUxYA6uBjyekMZcZvDq0aSj9t5Jo+tih6AYFnt/cuIRn9013e0Uw==

npm-package-arg@^14.0.0:
  version "14.0.0"
  resolved "https://registry.yarnpkg.com/npm-package-arg/-/npm-package-arg-14.0.0.tgz#0e3557c2af3029a70cd25dbe330eb1f77dcbfaf1"
  integrity sha512-69XQh3k+dtGa1p+7RaR57IuG3rCko96xr/nUfN4yDYBXbTYICiWcOpsFKLN2GtGE9cyIljE+f1exnaYt9MvM+Q==
  dependencies:
    hosted-git-info "^10.1.0"
    proc-log "^7.0.0"
    semver "^7.3.5"
    validate-npm-package-name "^8.0.0"

npm-pick-manifest@^12.0.0:
  version "12.0.0"
  resolved "https://registry.yarnpkg.com/npm-pick-manifest/-/npm-pick-manifest-12.0.0.tgz#20e73a00ca66b4c187957d524aaff3cdf77ed9f4"
  integrity sha512-8Fs3YLrnNOhrCdPNZy18MzNgVC58LTDAFzq1FdZO/p3BHeCC/coz+t4F5Pxabys8HJpyTUorMea26GkXsb4J/Q==
  dependencies:
    npm-install-checks "^9.0.0"
    npm-normalize-package-bin "^6.0.0"
    npm-package-arg "^14.0.0"
    semver "^7.3.5"

path-scurry@^2.0.2:
  version "2.0.2"
  resolved "https://registry.yarnpkg.com/path-scurry/-/path-scurry-2.0.2.tgz#6be0d0ee02a10d9e0de7a98bae65e182c9061f85"
  integrity sha512-3O/iVVsJAPsOnpwWIeD+d6z/7PmqApyQePUtCndjatj/9I5LylHvt5qluFaBT3I5h3r1ejfR056c+FCv+NnNXg==
  dependencies:
    lru-cache "^11.0.0"
    minipass "^7.1.2"

proc-log@^7.0.0:
  version "7.0.0"
  resolved "https://registry.yarnpkg.com/proc-log/-/proc-log-7.0.0.tgz#46c9cc943ed4127272b49b34faa8855b44e3a976"
  integrity sha512-FYgfaA69XZ93zaXLoMNQ+ViDXGGBgR8aLh03txzcFhV+9xOXx7+8DLCULrKKpR9+GsH9ZfHm82aSUPpozX0Ztg==

"safer-buffer@>= 2.1.2 < 3.0.0":
  version "2.1.2"
  resolved "https://registry.yarnpkg.com/safer-buffer/-/safer-buffer-2.1.2.tgz#44fa161b0187b9549dd84bb91802f9bd8385cd6a"
  integrity sha512-YZo3K82SD7Riyi0E1EQPojLz7kpepnSQI9IyPbHHg1XXXevb5dJI7tpyN2ADxGcQbHG7vcyRHk0cbwqcQriUtg==

semver@^7.1.1, semver@^7.3.5, semver@^7.5.3:
  version "7.5.4"
  resolved "https://registry.yarnpkg.com/semver/-/semver-7.5.4.tgz#483986ec4ed38e1c6c48c34894a9182dbff68a6e"
  integrity sha512-1bCSESV6Pv+i21Hvpxp3Dx+pSD8lIPt8uVjRrxAUt/nbswYc+tK6Y2btiULjd4+fnq15PX+nqQDC7Oft7WkwcA==
  dependencies:
    lru-cache "^6.0.0"

signal-exit@^4.1.0:
  version "4.1.0"
  resolved "https://registry.yarnpkg.com/signal-exit/-/signal-exit-4.1.0.tgz#952188c1cbd546070e2dd20d0f41c0ae0530cb04"
  integrity sha512-bzyZ1e88w9O1iNJbKnOlvYTrWPDl46O1bG0D3XInv+9tkPrxrN8jUUTiFlDkkmKWgn1M6CfIA13SuGqOa9Korw==

spdx-exceptions@^2.1.0:
  version "2.3.0"
  resolved "https://registry.yarnpkg.com/spdx-exceptions/-/spdx-exceptions-2.3.0.tgz#3f28ce1a77a00372683eade4a433183527a2163d"
  integrity sha512-/tTrYOC7PPI1nUAgx34hUpqXuyJG+DTHJTnIULG4rDygi4xu/tfgmq1e1cIRwRzwZgo4NLySi+ricLkZkw4i5A==

spdx-expression-parse@^4.0.0:
  version "4.0.0"
  resolved "https://registry.yarnpkg.com/spdx-expression-parse/-/spdx-expression-parse-4.0.0.tgz#a23af9f3132115465dac215c099303e4ceac5794"
  integrity sha512-Clya5JIij/7C6bRR22+tnGXbc4VKlibKSVj2iHvVeX5iMW7s1SIQlqu699JkODJJIhh/pUu8L0/VLh8xflD+LQ==
  dependencies:
    spdx-exceptions "^2.1.0"
    spdx-license-ids "^3.0.0"

spdx-license-ids@^3.0.0:
  version "3.0.13"
  resolved "https://registry.yarnpkg.com/spdx-license-ids/-/spdx-license-ids-3.0.13.tgz#7189a474c46f8d47c7b0da4b987bb45e908bd2d5"
  integrity sha512-XkD+zwiqXHikFZm4AX/7JSCXA98U5Db4AFd5XUg/+9UNtnH75+Z9KxtpYiJZx36mUDVOwH83pl7yvCer6ewM3w==

validate-npm-package-name@^8.0.0:
  version "8.0.0"
  resolved "https://registry.yarnpkg.com/validate-npm-package-name/-/validate-npm-package-name-8.0.0.tgz#fcd22bb2a1bb4830814f5f1ad127852ab06cf6e7"
  integrity sha512-SCv6OOV6Xj2/3cXy3dGmADluJTNcL3o7hZAglNPTe+WYuEuvxgJzxPrSDLZhF+CwyQOubqgecjMmTJGMVLWjYQ==

which@^7.0.0:
  version "7.0.0"
  resolved "https://registry.yarnpkg.com/which/-/which-7.0.0.tgz#cdfdd7bfc31c5af050b97bc7c02b1844731fb8b2"
  integrity sha512-RancgH2dmbLdHl6LRhEqvklWMgl/Hdnun0Y90KhBOLkMefg8Qa7/Zel8Sm+8HEcP6DEjzsWzpkuBQEZok58isA==
  dependencies:
    isexe "^4.0.0"

yallist@^4.0.0:
  version "4.0.0"
  resolved "https://registry.yarnpkg.com/yallist/-/yallist-4.0.0.tgz#9bb92790d9c0effec63be73519e11a35019a3a72"
  integrity sha512-3wdGidZyq5PB084XLES5TpOSRA3wjXAlIWMhum2kRcv/41Sn2emQ0dycQW4uZXLejwKvg6EsvbdlVL+FYEct7A==
